
Microsoft Visual Studio Solution File, Format Version 12.00
# Visual Studio Version 17
VisualStudioVersion = 17.1.32120.378
MinimumVisualStudioVersion = 10.0.40219.1
Project("{9A19103F-16F7-4668-BE54-9A1E7A4F7556}") = "RatAssist", "RatAssist.csproj", "{B2EC4211-8590-439E-A34B-A744D0B74391}"
EndProject
Project("{9A19103F-16F7-4668-BE54-9A1E7A4F7556}") = "EdTools", "..\EdTools\EdTools\EdTools.csproj", "{DCA47779-C3B9-4735-8B22-47A6BABE4544}"
EndProject
Global
	GlobalSection(SolutionConfigurationPlatforms) = preSolution
		Debug|Any CPU = Debug|Any CPU
		Release|Any CPU = Release|Any CPU
	EndGlobalSection
	GlobalSection(ProjectConfigurationPlatforms) = postSolution
		{B2EC4211-8590-439E-A34B-A744D0B74391}.Debug|Any CPU.ActiveCfg = Debug|Any CPU
		{B2EC4211-8590-439E-A34B-A744D0B74391}.Debug|Any CPU.Build.0 = Debug|Any CPU
		{B2EC4211-8590-439E-A34B-A744D0B74391}.Release|Any CPU.ActiveCfg = Release|Any CPU
		{B2EC4211-8590-439E-A34B-A744D0B74391}.Release|Any CPU.Build.0 = Release|Any CPU
		{DCA47779-C3B9-4735-8B22-47A6BABE4544}.Debug|Any CPU.ActiveCfg = Debug|Any CPU
		{DCA47779-C3B9-4735-8B22-47A6BABE4544}.Debug|Any CPU.Build.0 = Debug|Any CPU
		{DCA47779-C3B9-4735-8B22-47A6BABE4544}.Release|Any CPU.ActiveCfg = Release|Any CPU
		{DCA47779-C3B9-4735-8B22-47A6BABE4544}.Release|Any CPU.Build.0 = Release|Any CPU
	EndGlobalSection
	GlobalSection(SolutionProperties) = preSolution
		HideSolutionNode = FALSE
	EndGlobalSection
	GlobalSection(ExtensibilityGlobals) = postSolution
		SolutionGuid = {7EECCE7C-4D78-4EFC-AFB1-75E78DC1CEF3}
	EndGlobalSection
EndGlobal
